
Microsoft Visual Studio Solution File, Format Version 12.00
# Visual Studio Version 17
VisualStudioVersion = 17.6.33723.286
MinimumVisualStudioVersion = 10.0.40219.1
Project("{FAE04EC0-301F-11D3-BF4B-00C04F79EFBC}") = "Task №3(ternary operator)", "Task №3(ternary operator).csproj", "{DEE685BC-E008-4741-8F07-21CD787D9830}"
EndProject
Global
	GlobalSection(SolutionConfigurationPlatforms) = preSolution
		Debug|Any CPU = Debug|Any CPU
		Release|Any CPU = Release|Any CPU
	EndGlobalSection
	GlobalSection(ProjectConfigurationPlatforms) = postSolution
		{DEE685BC-E008-4741-8F07-21CD787D9830}.Debug|Any CPU.ActiveCfg = Debug|Any CPU
		{DEE685BC-E008-4741-8F07-21CD787D9830}.Debug|Any CPU.Build.0 = Debug|Any CPU
		{DEE685BC-E008-4741-8F07-21CD787D9830}.Release|Any CPU.ActiveCfg = Release|Any CPU
		{DEE685BC-E008-4741-8F07-21CD787D9830}.Release|Any CPU.Build.0 = Release|Any CPU
	EndGlobalSection
	GlobalSection(SolutionProperties) = preSolution
		HideSolutionNode = FALSE
	EndGlobalSection
	GlobalSection(ExtensibilityGlobals) = postSolution
		SolutionGuid = {7F9EB573-02BC-4B56-97F4-CAD0FAAD9B97}
	EndGlobalSection
EndGlobal
